// !$*UTF8*$!
{
	archiveVersion = 1;
	classes = {
	};
	objectVersion = 50;
	objects = {

/* Begin PBXBuildFile section */
		EFD283FF23477EAF008EEBCB /* AppDelegate.swift in Sources */ = {isa = PBXBuildFile; fileRef = EFD283FE23477EAF008EEBCB /* AppDelegate.swift */; };
		EFD2840123477EAF008EEBCB /* SceneDelegate.swift in Sources */ = {isa = PBXBuildFile; fileRef = EFD2840023477EAF008EEBCB /* SceneDelegate.swift */; };
		EFD2840323477EAF008EEBCB /* ViewController.swift in Sources */ = {isa = PBXBuildFile; fileRef = EFD2840223477EAF008EEBCB /* ViewController.swift */; };
		EFD2840623477EAF008EEBCB /* Main.storyboard in Resources */ = {isa = PBXBuildFile; fileRef = EFD2840423477EAF008EEBCB /* Main.storyboard */; };
		EFD2840823477EB1008EEBCB /* Assets.xcassets in Resources */ = {isa = PBXBuildFile; fileRef = EFD2840723477EB1008EEBCB /* Assets.xcassets */; };
		EFD2840B23477EB1008EEBCB /* LaunchScreen.storyboard in Resources */ = {isa = PBXBuildFile; fileRef = EFD2840923477EB1008EEBCB /* LaunchScreen.storyboard */; };
		EFD2841923477F64008EEBCB /* KeyboardViewController.swift in Sources */ = {isa = PBXBuildFile; fileRef = EFD2841823477F64008EEBCB /* KeyboardViewController.swift */; };
		EFD2841D23477F64008EEBCB /* KHS.appex in Embed App Extensions */ = {isa = PBXBuildFile; fileRef = EFD2841623477F64008EEBCB /* KHS.appex */; settings = {ATTRIBUTES = (RemoveHeadersOnCopy, ); }; };
		EFD2842423477FA8008EEBCB /* KeboardButton.swift in Sources */ = {isa = PBXBuildFile; fileRef = EFD2842223477FA8008EEBCB /* KeboardButton.swift */; };
		EFD2842523477FA8008EEBCB /* KeyboardView.xib in Resources */ = {isa = PBXBuildFile; fileRef = EFD2842323477FA8008EEBCB /* KeyboardView.xib */; };
/* End PBXBuildFile section */

/* Begin PBXContainerItemProxy section */
		EFD2841B23477F64008EEBCB /* PBXContainerItemProxy */ = {
			isa = PBXContainerItemProxy;
			containerPortal = EFD283F323477EAF008EEBCB /* Project object */;
			proxyType = 1;
			remoteGlobalIDString = EFD2841523477F64008EEBCB;
			remoteInfo = KHS;
		};
/* End PBXContainerItemProxy section */

/* Begin PBXCopyFilesBuildPhase section */
		EFD2842123477F64008EEBCB /* Embed App Extensions */ = {
			isa = PBXCopyFilesBuildPhase;
			buildActionMask = 2147483647;
			dstPath = "";
			dstSubfolderSpec = 13;
			files = (
				EFD2841D23477F64008EEBCB /* KHS.appex in Embed App Extensions */,
			);
			name = "Embed App Extensions";
			runOnlyForDeploymentPostprocessing = 0;
		};
/* End PBXCopyFilesBuildPhase section */

/* Begin PBXFileReference section */
		EFD283FB23477EAF008EEBCB /* KHSKeyboard.app */ = {isa = PBXFileReference; explicitFileType = wrapper.application; includeInIndex = 0; path = KHSKeyboard.app; sourceTree = BUILT_PRODUCTS_DIR; };
		EFD283FE23477EAF008EEBCB /* AppDelegate.swift */ = {isa = PBXFileReference; lastKnownFileType = sourcecode.swift; path = AppDelegate.swift; sourceTree = "<group>"; };
		EFD2840023477EAF008EEBCB /* SceneDelegate.swift */ = {isa = PBXFileReference; lastKnownFileType = sourcecode.swift; path = SceneDelegate.swift; sourceTree = "<group>"; };
		EFD2840223477EAF008EEBCB /* ViewController.swift */ = {isa = PBXFileReference; lastKnownFileType = sourcecode.swift; path = ViewController.swift; sourceTree = "<group>"; };
		EFD2840523477EAF008EEBCB /* Base */ = {isa = PBXFileReference; lastKnownFileType = file.storyboard; name = Base; path = Base.lproj/Main.storyboard; sourceTree = "<group>"; };
		EFD2840723477EB1008EEBCB /* Assets.xcassets */ = {isa = PBXFileReference; lastKnownFileType = folder.assetcatalog; path = Assets.xcassets; sourceTree = "<group>"; };
		EFD2840A23477EB1008EEBCB /* Base */ = {isa = PBXFileReference; lastKnownFileType = file.storyboard; name = Base; path = Base.lproj/LaunchScreen.storyboard; sourceTree = "<group>"; };
		EFD2840C23477EB1008EEBCB /* Info.plist */ = {isa = PBXFileReference; lastKnownFileType = text.plist.xml; path = Info.plist; sourceTree = "<group>"; };
		EFD2841623477F64008EEBCB /* KHS.appex */ = {isa = PBXFileReference; explicitFileType = "wrapper.app-extension"; includeInIndex = 0; path = KHS.appex; sourceTree = BUILT_PRODUCTS_DIR; };
		EFD2841823477F64008EEBCB /* KeyboardViewController.swift */ = {isa = PBXFileReference; lastKnownFileType = sourcecode.swift; path = KeyboardViewController.swift; sourceTree = "<group>"; };
		EFD2841A23477F64008EEBCB /* Info.plist */ = {isa = PBXFileReference; lastKnownFileType = text.plist.xml; path = Info.plist; sourceTree = "<group>"; };
		EFD2842223477FA8008EEBCB /* KeboardButton.swift */ = {isa = PBXFileReference; fileEncoding = 4; lastKnownFileType = sourcecode.swift; path = KeboardButton.swift; sourceTree = "<group>"; };
		EFD2842323477FA8008EEBCB /* KeyboardView.xib */ = {isa = PBXFileReference; fileEncoding = 4; lastKnownFileType = file.xib; path = KeyboardView.xib; sourceTree = "<group>"; };
/* End PBXFileReference section */

/* Begin PBXFrameworksBuildPhase section */
		EFD283F823477EAF008EEBCB /* Frameworks */ = {
			isa = PBXFrameworksBuildPhase;
			buildActionMask = 2147483647;
			files = (
			);
			runOnlyForDeploymentPostprocessing = 0;
		};
		EFD2841323477F64008EEBCB /* Frameworks */ = {
			isa = PBXFrameworksBuildPhase;
			buildActionMask = 2147483647;
			files = (
			);
			runOnlyForDeploymentPostprocessing = 0;
		};
/* End PBXFrameworksBuildPhase section */

/* Begin PBXGroup section */
		EFD283F223477EAF008EEBCB = {
			isa = PBXGroup;
			children = (
				EFD283FD23477EAF008EEBCB /* KHSKeyboard */,
				EFD2841723477F64008EEBCB /* KHS */,
				EFD283FC23477EAF008EEBCB /* Products */,
			);
			sourceTree = "<group>";
		};
		EFD283FC23477EAF008EEBCB /* Products */ = {
			isa = PBXGroup;
			children = (
				EFD283FB23477EAF008EEBCB /* KHSKeyboard.app */,
				EFD2841623477F64008EEBCB /* KHS.appex */,
			);
			name = Products;
			sourceTree = "<group>";
		};
		EFD283FD23477EAF008EEBCB /* KHSKeyboard */ = {
			isa = PBXGroup;
			children = (
				EFD283FE23477EAF008EEBCB /* AppDelegate.swift */,
				EFD2840023477EAF008EEBCB /* SceneDelegate.swift */,
				EFD2840223477EAF008EEBCB /* ViewController.swift */,
				EFD2840423477EAF008EEBCB /* Main.storyboard */,
				EFD2840723477EB1008EEBCB /* Assets.xcassets */,
				EFD2840923477EB1008EEBCB /* LaunchScreen.storyboard */,
				EFD2840C23477EB1008EEBCB /* Info.plist */,
			);
			path = KHSKeyboard;
			sourceTree = "<group>";
		};
		EFD2841723477F64008EEBCB /* KHS */ = {
			isa = PBXGroup;
			children = (
				EFD2841823477F64008EEBCB /* KeyboardViewController.swift */,
				EFD2841A23477F64008EEBCB /* Info.plist */,
				EFD2842223477FA8008EEBCB /* KeboardButton.swift */,
				EFD2842323477FA8008EEBCB /* KeyboardView.xib */,
			);
			path = KHS;
			sourceTree = "<group>";
		};
/* End PBXGroup section */

/* Begin PBXNativeTarget section */
		EFD283FA23477EAF008EEBCB /* KHSKeyboard */ = {
			isa = PBXNativeTarget;
			buildConfigurationList = EFD2840F23477EB1008EEBCB /* Build configuration list for PBXNativeTarget "KHSKeyboard" */;
			buildPhases = (
				EFD283F723477EAF008EEBCB /* Sources */,
				EFD283F823477EAF008EEBCB /* Frameworks */,
				EFD283F923477EAF008EEBCB /* Resources */,
				EFD2842123477F64008EEBCB /* Embed App Extensions */,
			);
			buildRules = (
			);
			dependencies = (
				EFD2841C23477F64008EEBCB /* PBXTargetDependency */,
			);
			name = KHSKeyboard;
			productName = KHSKeyboard;
			productReference = EFD283FB23477EAF008EEBCB /* KHSKeyboard.app */;
			productType = "com.apple.product-type.application";
		};
		EFD2841523477F64008EEBCB /* KHS */ = {
			isa = PBXNativeTarget;
			buildConfigurationList = EFD2841E23477F64008EEBCB /* Build configuration list for PBXNativeTarget "KHS" */;
			buildPhases = (
				EFD2841223477F64008EEBCB /* Sources */,
				EFD2841323477F64008EEBCB /* Frameworks */,
				EFD2841423477F64008EEBCB /* Resources */,
			);
			buildRules = (
			);
			dependencies = (
			);
			name = KHS;
			productName = KHS;
			productReference = EFD2841623477F64008EEBCB /* KHS.appex */;
			productType = "com.apple.product-type.app-extension";
		};
/* End PBXNativeTarget section */

/* Begin PBXProject section */
		EFD283F323477EAF008EEBCB /* Project object */ = {
			isa = PBXProject;
			attributes = {
				LastSwiftUpdateCheck = 1110;
				LastUpgradeCheck = 1110;
				ORGANIZATIONNAME = "Karun Aggarwal";
				TargetAttributes = {
					EFD283FA23477EAF008EEBCB = {
						CreatedOnToolsVersion = 11.1;
					};
					EFD2841523477F64008EEBCB = {
						CreatedOnToolsVersion = 11.1;
					};
				};
			};
			buildConfigurationList = EFD283F623477EAF008EEBCB /* Build configuration list for PBXProject "KHSKeyboard" */;
			compatibilityVersion = "Xcode 9.3";
			developmentRegion = en;
			hasScannedForEncodings = 0;
			knownRegions = (
				en,
				Base,
			);
			mainGroup = EFD283F223477EAF008EEBCB;
			productRefGroup = EFD283FC23477EAF008EEBCB /* Products */;
			projectDirPath = "";
			projectRoot = "";
			targets = (
				EFD283FA23477EAF008EEBCB /* KHSKeyboard */,
				EFD2841523477F64008EEBCB /* KHS */,
			);
		};
/* End PBXProject section */

/* Begin PBXResourcesBuildPhase section */
		EFD283F923477EAF008EEBCB /* Resources */ = {
			isa = PBXResourcesBuildPhase;
			buildActionMask = 2147483647;
			files = (
				EFD2840B23477EB1008EEBCB /* LaunchScreen.storyboard in Resources */,
				EFD2840823477EB1008EEBCB /* Assets.xcassets in Resources */,
				EFD2840623477EAF008EEBCB /* Main.storyboard in Resources */,
			);
			runOnlyForDeploymentPostprocessing = 0;
		};
		EFD2841423477F64008EEBCB /* Resources */ = {
			isa = PBXResourcesBuildPhase;
			buildActionMask = 2147483647;
			files = (
				EFD2842523477FA8008EEBCB /* KeyboardView.xib in Resources */,
			);
			runOnlyForDeploymentPostprocessing = 0;
		};
/* End PBXResourcesBuildPhase section */

/* Begin PBXSourcesBuildPhase section */
		EFD283F723477EAF008EEBCB /* Sources */ = {
			isa = PBXSourcesBuildPhase;
			buildActionMask = 2147483647;
			files = (
				EFD2840323477EAF008EEBCB /* ViewController.swift in Sources */,
				EFD283FF23477EAF008EEBCB /* AppDelegate.swift in Sources */,
				EFD2840123477EAF008EEBCB /* SceneDelegate.swift in Sources */,
			);
			runOnlyForDeploymentPostprocessing = 0;
		};
		EFD2841223477F64008EEBCB /* Sources */ = {
			isa = PBXSourcesBuildPhase;
			buildActionMask = 2147483647;
			files = (
				EFD2842423477FA8008EEBCB /* KeboardButton.swift in Sources */,
				EFD2841923477F64008EEBCB /* KeyboardViewController.swift in Sources */,
			);
			runOnlyForDeploymentPostprocessing = 0;
		};
/* End PBXSourcesBuildPhase section */

/* Begin PBXTargetDependency section */
		EFD2841C23477F64008EEBCB /* PBXTargetDependency */ = {
			isa = PBXTargetDependency;
			target = EFD2841523477F64008EEBCB /* KHS */;
			targetProxy = EFD2841B23477F64008EEBCB /* PBXContainerItemProxy */;
		};
/* End PBXTargetDependency section */

/* Begin PBXVariantGroup section */
		EFD2840423477EAF008EEBCB /* Main.storyboard */ = {
			isa = PBXVariantGroup;
			children = (
				EFD2840523477EAF008EEBCB /* Base */,
			);
			name = Main.storyboard;
			sourceTree = "<group>";
		};
		EFD2840923477EB1008EEBCB /* LaunchScreen.storyboard */ = {
			isa = PBXVariantGroup;
			children = (
				EFD2840A23477EB1008EEBCB /* Base */,
			);
			name = LaunchScreen.storyboard;
			sourceTree = "<group>";
		};
/* End PBXVariantGroup section */

/* Begin XCBuildConfiguration section */
		EFD2840D23477EB1008EEBCB /* Debug */ = {
			isa = XCBuildConfiguration;
			buildSettings = {
				ALWAYS_SEARCH_USER_PATHS = NO;
				CLANG_ANALYZER_NONNULL = YES;
				CLANG_ANALYZER_NUMBER_OBJECT_CONVERSION = YES_AGGRESSIVE;
				CLANG_CXX_LANGUAGE_STANDARD = "gnu++14";
				CLANG_CXX_LIBRARY = "libc++";
				CLANG_ENABLE_MODULES = YES;
				CLANG_ENABLE_OBJC_ARC = YES;
				CLANG_ENABLE_OBJC_WEAK = YES;
				CLANG_WARN_BLOCK_CAPTURE_AUTORELEASING = YES;
				CLANG_WARN_BOOL_CONVERSION = YES;
				CLANG_WARN_COMMA = YES;
				CLANG_WARN_CONSTANT_CONVERSION = YES;
				CLANG_WARN_DEPRECATED_OBJC_IMPLEMENTATIONS = YES;
				CLANG_WARN_DIRECT_OBJC_ISA_USAGE = YES_ERROR;
				CLANG_WARN_DOCUMENTATION_COMMENTS = YES;
				CLANG_WARN_EMPTY_BODY = YES;
				CLANG_WARN_ENUM_CONVERSION = YES;
				CLANG_WARN_INFINITE_RECURSION = YES;
				CLANG_WARN_INT_CONVERSION = YES;
				CLANG_WARN_NON_LITERAL_NULL_CONVERSION = YES;
				CLANG_WARN_OBJC_IMPLICIT_RETAIN_SELF = YES;
				CLANG_WARN_OBJC_LITERAL_CONVERSION = YES;
				CLANG_WARN_OBJC_ROOT_CLASS = YES_ERROR;
				CLANG_WARN_RANGE_LOOP_ANALYSIS = YES;
				CLANG_WARN_STRICT_PROTOTYPES = YES;
				CLANG_WARN_SUSPICIOUS_MOVE = YES;
				CLANG_WARN_UNGUARDED_AVAILABILITY = YES_AGGRESSIVE;
				CLANG_WARN_UNREACHABLE_CODE = YES;
				CLANG_WARN__DUPLICATE_METHOD_MATCH = YES;
				COPY_PHASE_STRIP = NO;
				DEBUG_INFORMATION_FORMAT = dwarf;
				ENABLE_STRICT_OBJC_MSGSEND = YES;
				ENABLE_TESTABILITY = YES;
				GCC_C_LANGUAGE_STANDARD = gnu11;
				GCC_DYNAMIC_NO_PIC = NO;
				GCC_NO_COMMON_BLOCKS = YES;
				GCC_OPTIMIZATION_LEVEL = 0;
				GCC_PREPROCESSOR_DEFINITIONS = (
					"DEBUG=1",
					"$(inherited)",
				);
				GCC_WARN_64_TO_32_BIT_CONVERSION = YES;
				GCC_WARN_ABOUT_RETURN_TYPE = YES_ERROR;
				GCC_WARN_UNDECLARED_SELECTOR = YES;
				GCC_WARN_UNINITIALIZED_AUTOS = YES_AGGRESSIVE;
				GCC_WARN_UNUSED_FUNCTION = YES;
				GCC_WARN_UNUSED_VARIABLE = YES;
				IPHONEOS_DEPLOYMENT_TARGET = 13.1;
				MTL_ENABLE_DEBUG_INFO = INCLUDE_SOURCE;
				MTL_FAST_MATH = YES;
				ONLY_ACTIVE_ARCH = YES;
				SDKROOT = iphoneos;
				SWIFT_ACTIVE_COMPILATION_CONDITIONS = DEBUG;
				SWIFT_OPTIMIZATION_LEVEL = "-Onone";
			};
			name = Debug;
		};
		EFD2840E23477EB1008EEBCB /* Release */ = {
			isa = XCBuildConfiguration;
			buildSettings = {
				ALWAYS_SEARCH_USER_PATHS = NO;
				CLANG_ANALYZER_NONNULL = YES;
				CLANG_ANALYZER_NUMBER_OBJECT_CONVERSION = YES_AGGRESSIVE;
				CLANG_CXX_LANGUAGE_STANDARD = "gnu++14";
				CLANG_CXX_LIBRARY = "libc++";
				CLANG_ENABLE_MODULES = YES;
				CLANG_ENABLE_OBJC_ARC = YES;
				CLANG_ENABLE_OBJC_WEAK = YES;
				CLANG_WARN_BLOCK_CAPTURE_AUTORELEASING = YES;
				CLANG_WARN_BOOL_CONVERSION = YES;
				CLANG_WARN_COMMA = YES;
				CLANG_WARN_CONSTANT_CONVERSION = YES;
				CLANG_WARN_DEPRECATED_OBJC_IMPLEMENTATIONS = YES;
				CLANG_WARN_DIRECT_OBJC_ISA_USAGE = YES_ERROR;
				CLANG_WARN_DOCUMENTATION_COMMENTS = YES;
				CLANG_WARN_EMPTY_BODY = YES;
				CLANG_WARN_ENUM_CONVERSION = YES;
				CLANG_WARN_INFINITE_RECURSION = YES;
				CLANG_WARN_INT_CONVERSION = YES;
				CLANG_WARN_NON_LITERAL_NULL_CONVERSION = YES;
				CLANG_WARN_OBJC_IMPLICIT_RETAIN_SELF = YES;
				CLANG_WARN_OBJC_LITERAL_CONVERSION = YES;
				CLANG_WARN_OBJC_ROOT_CLASS = YES_ERROR;
				CLANG_WARN_RANGE_LOOP_ANALYSIS = YES;
				CLANG_WARN_STRICT_PROTOTYPES = YES;
				CLANG_WARN_SUSPICIOUS_MOVE = YES;
				CLANG_WARN_UNGUARDED_AVAILABILITY = YES_AGGRESSIVE;
				CLANG_WARN_UNREACHABLE_CODE = YES;
				CLANG_WARN__DUPLICATE_METHOD_MATCH = YES;
				COPY_PHASE_STRIP = NO;
				DEBUG_INFORMATION_FORMAT = "dwarf-with-dsym";
				ENABLE_NS_ASSERTIONS = NO;
				ENABLE_STRICT_OBJC_MSGSEND = YES;
				GCC_C_LANGUAGE_STANDARD = gnu11;
				GCC_NO_COMMON_BLOCKS = YES;
				GCC_WARN_64_TO_32_BIT_CONVERSION = YES;
				GCC_WARN_ABOUT_RETURN_TYPE = YES_ERROR;
				GCC_WARN_UNDECLARED_SELECTOR = YES;
				GCC_WARN_UNINITIALIZED_AUTOS = YES_AGGRESSIVE;
				GCC_WARN_UNUSED_FUNCTION = YES;
				GCC_WARN_UNUSED_VARIABLE = YES;
				IPHONEOS_DEPLOYMENT_TARGET = 13.1;
				MTL_ENABLE_DEBUG_INFO = NO;
				MTL_FAST_MATH = YES;
				SDKROOT = iphoneos;
				SWIFT_COMPILATION_MODE = wholemodule;
				SWIFT_OPTIMIZATION_LEVEL = "-O";
				VALIDATE_PRODUCT = YES;
			};
			name = Release;
		};
		EFD2841023477EB1008EEBCB /* Debug */ = {
			isa = XCBuildConfiguration;
			buildSettings = {
				ALWAYS_EMBED_SWIFT_STANDARD_LIBRARIES = YES;
				ASSETCATALOG_COMPILER_APPICON_NAME = AppIcon;
				CODE_SIGN_STYLE = Automatic;
				DEVELOPMENT_TEAM = 9QK4RD5254;
				INFOPLIST_FILE = KHSKeyboard/Info.plist;
				LD_RUNPATH_SEARCH_PATHS = (
					"$(inherited)",
					"@executable_path/Frameworks",
				);
				PRODUCT_BUNDLE_IDENTIFIER = KHS.KHSKeyboard;
				PRODUCT_NAME = "$(TARGET_NAME)";
				SWIFT_VERSION = 5.0;
				TARGETED_DEVICE_FAMILY = "1,2";
			};
			name = Debug;
		};
		EFD2841123477EB1008EEBCB /* Release */ = {
			isa = XCBuildConfiguration;
			buildSettings = {
				ALWAYS_EMBED_SWIFT_STANDARD_LIBRARIES = YES;
				ASSETCATALOG_COMPILER_APPICON_NAME = AppIcon;
				CODE_SIGN_STYLE = Automatic;
				DEVELOPMENT_TEAM = 9QK4RD5254;
				INFOPLIST_FILE = KHSKeyboard/Info.plist;
				LD_RUNPATH_SEARCH_PATHS = (
					"$(inherited)",
					"@executable_path/Frameworks",
				);
				PRODUCT_BUNDLE_IDENTIFIER = KHS.KHSKeyboard;
				PRODUCT_NAME = "$(TARGET_NAME)";
				SWIFT_VERSION = 5.0;
				TARGETED_DEVICE_FAMILY = "1,2";
			};
			name = Release;
		};
		EFD2841F23477F64008EEBCB /* Debug */ = {
			isa = XCBuildConfiguration;
			buildSettings = {
				CODE_SIGN_STYLE = Automatic;
				DEVELOPMENT_TEAM = 9QK4RD5254;
				INFOPLIST_FILE = KHS/Info.plist;
				LD_RUNPATH_SEARCH_PATHS = (
					"$(inherited)",
					"@executable_path/Frameworks",
					"@executable_path/../../Frameworks",
				);
				PRODUCT_BUNDLE_IDENTIFIER = KHS.KHSKeyboard.KHS;
				PRODUCT_NAME = "$(TARGET_NAME)";
				SKIP_INSTALL = YES;
				SWIFT_VERSION = 5.0;
				TARGETED_DEVICE_FAMILY = "1,2";
			};
			name = Debug;
		};
		EFD2842023477F64008EEBCB /* Release */ = {
			isa = XCBuildConfiguration;
			buildSettings = {
				CODE_SIGN_STYLE = Automatic;
				DEVELOPMENT_TEAM = 9QK4RD5254;
				INFOPLIST_FILE = KHS/Info.plist;
				LD_RUNPATH_SEARCH_PATHS = (
					"$(inherited)",
					"@executable_path/Frameworks",
					"@executable_path/../../Frameworks",
				);
				PRODUCT_BUNDLE_IDENTIFIER = KHS.KHSKeyboard.KHS;
				PRODUCT_NAME = "$(TARGET_NAME)";
				SKIP_INSTALL = YES;
				SWIFT_VERSION = 5.0;
				TARGETED_DEVICE_FAMILY = "1,2";
			};
			name = Release;
		};
/* End XCBuildConfiguration section */

/* Begin XCConfigurationList section */
		EFD283F623477EAF008EEBCB /* Build configuration list for PBXProject "KHSKeyboard" */ = {
			isa = XCConfigurationList;
			buildConfigurations = (
				EFD2840D23477EB1008EEBCB /* Debug */,
				EFD2840E23477EB1008EEBCB /* Release */,
			);
			defaultConfigurationIsVisible = 0;
			defaultConfigurationName = Release;
		};
		EFD2840F23477EB1008EEBCB /* Build configuration list for PBXNativeTarget "KHSKeyboard" */ = {
			isa = XCConfigurationList;
			buildConfigurations = (
				EFD2841023477EB1008EEBCB /* Debug */,
				EFD2841123477EB1008EEBCB /* Release */,
			);
			defaultConfigurationIsVisible = 0;
			defaultConfigurationName = Release;
		};
		EFD2841E23477F64008EEBCB /* Build configuration list for PBXNativeTarget "KHS" */ = {
			isa = XCConfigurationList;
			buildConfigurations = (
				EFD2841F23477F64008EEBCB /* Debug */,
				EFD2842023477F64008EEBCB /* Release */,
			);
			defaultConfigurationIsVisible = 0;
			defaultConfigurationName = Release;
		};
/* End XCConfigurationList section */
	};
	rootObject = EFD283F323477EAF008EEBCB /* Project object */;
}
